// !$*UTF8*$!
{
	archiveVersion = 1;
	classes = {
	};
	objectVersion = 46;
	objects = {

/* Begin PBXBuildFile section */
		3C974DA61D8F327C005C9939 /* AppDelegate.swift in Sources */ = {isa = PBXBuildFile; fileRef = 3C974DA51D8F327C005C9939 /* AppDelegate.swift */; };
		3C974DA81D8F327C005C9939 /* ViewController.swift in Sources */ = {isa = PBXBuildFile; fileRef = 3C974DA71D8F327C005C9939 /* ViewController.swift */; };
		3C974DAB1D8F327C005C9939 /* Main.storyboard in Resources */ = {isa = PBXBuildFile; fileRef = 3C974DA91D8F327C005C9939 /* Main.storyboard */; };
		3C974DAD1D8F327C005C9939 /* Assets.xcassets in Resources */ = {isa = PBXBuildFile; fileRef = 3C974DAC1D8F327C005C9939 /* Assets.xcassets */; };
		3C974DB01D8F327C005C9939 /* LaunchScreen.storyboard in Resources */ = {isa = PBXBuildFile; fileRef = 3C974DAE1D8F327C005C9939 /* LaunchScreen.storyboard */; };
		3C974DBB1D8F327C005C9939 /* DesignPatternsSwiftTests.swift in Sources */ = {isa = PBXBuildFile; fileRef = 3C974DBA1D8F327C005C9939 /* DesignPatternsSwiftTests.swift */; };
		3C974DC61D8F327C005C9939 /* DesignPatternsSwiftUITests.swift in Sources */ = {isa = PBXBuildFile; fileRef = 3C974DC51D8F327C005C9939 /* DesignPatternsSwiftUITests.swift */; };
/* End PBXBuildFile section */

/* Begin PBXContainerItemProxy section */
		3C974DB71D8F327C005C9939 /* PBXContainerItemProxy */ = {
			isa = PBXContainerItemProxy;
			containerPortal = 3C974D9A1D8F327C005C9939 /* Project object */;
			proxyType = 1;
			remoteGlobalIDString = 3C974DA11D8F327C005C9939;
			remoteInfo = DesignPatternsSwift;
		};
		3C974DC21D8F327C005C9939 /* PBXContainerItemProxy */ = {
			isa = PBXContainerItemProxy;
			containerPortal = 3C974D9A1D8F327C005C9939 /* Project object */;
			proxyType = 1;
			remoteGlobalIDString = 3C974DA11D8F327C005C9939;
			remoteInfo = DesignPatternsSwift;
		};
/* End PBXContainerItemProxy section */

/* Begin PBXFileReference section */
		3C974DA21D8F327C005C9939 /* DesignPatternsSwift.app */ = {isa = PBXFileReference; explicitFileType = wrapper.application; includeInIndex = 0; path = DesignPatternsSwift.app; sourceTree = BUILT_PRODUCTS_DIR; };
		3C974DA51D8F327C005C9939 /* AppDelegate.swift */ = {isa = PBXFileReference; lastKnownFileType = sourcecode.swift; path = AppDelegate.swift; sourceTree = "<group>"; };
		3C974DA71D8F327C005C9939 /* ViewController.swift */ = {isa = PBXFileReference; lastKnownFileType = sourcecode.swift; path = ViewController.swift; sourceTree = "<group>"; };
		3C974DAA1D8F327C005C9939 /* Base */ = {isa = PBXFileReference; lastKnownFileType = file.storyboard; name = Base; path = Base.lproj/Main.storyboard; sourceTree = "<group>"; };
		3C974DAC1D8F327C005C9939 /* Assets.xcassets */ = {isa = PBXFileReference; lastKnownFileType = folder.assetcatalog; path = Assets.xcassets; sourceTree = "<group>"; };
		3C974DAF1D8F327C005C9939 /* Base */ = {isa = PBXFileReference; lastKnownFileType = file.storyboard; name = Base; path = Base.lproj/LaunchScreen.storyboard; sourceTree = "<group>"; };
		3C974DB11D8F327C005C9939 /* Info.plist */ = {isa = PBXFileReference; lastKnownFileType = text.plist.xml; path = Info.plist; sourceTree = "<group>"; };
		3C974DB61D8F327C005C9939 /* DesignPatternsSwiftTests.xctest */ = {isa = PBXFileReference; explicitFileType = wrapper.cfbundle; includeInIndex = 0; path = DesignPatternsSwiftTests.xctest; sourceTree = BUILT_PRODUCTS_DIR; };
		3C974DBA1D8F327C005C9939 /* DesignPatternsSwiftTests.swift */ = {isa = PBXFileReference; lastKnownFileType = sourcecode.swift; path = DesignPatternsSwiftTests.swift; sourceTree = "<group>"; };
		3C974DBC1D8F327C005C9939 /* Info.plist */ = {isa = PBXFileReference; lastKnownFileType = text.plist.xml; path = Info.plist; sourceTree = "<group>"; };
		3C974DC11D8F327C005C9939 /* DesignPatternsSwiftUITests.xctest */ = {isa = PBXFileReference; explicitFileType = wrapper.cfbundle; includeInIndex = 0; path = DesignPatternsSwiftUITests.xctest; sourceTree = BUILT_PRODUCTS_DIR; };
		3C974DC51D8F327C005C9939 /* DesignPatternsSwiftUITests.swift */ = {isa = PBXFileReference; lastKnownFileType = sourcecode.swift; path = DesignPatternsSwiftUITests.swift; sourceTree = "<group>"; };
		3C974DC71D8F327C005C9939 /* Info.plist */ = {isa = PBXFileReference; lastKnownFileType = text.plist.xml; path = Info.plist; sourceTree = "<group>"; };
/* End PBXFileReference section */

/* Begin PBXFrameworksBuildPhase section */
		3C974D9F1D8F327C005C9939 /* Frameworks */ = {
			isa = PBXFrameworksBuildPhase;
			buildActionMask = 2147483647;
			files = (
			);
			runOnlyForDeploymentPostprocessing = 0;
		};
		3C974DB31D8F327C005C9939 /* Frameworks */ = {
			isa = PBXFrameworksBuildPhase;
			buildActionMask = 2147483647;
			files = (
			);
			runOnlyForDeploymentPostprocessing = 0;
		};
		3C974DBE1D8F327C005C9939 /* Frameworks */ = {
			isa = PBXFrameworksBuildPhase;
			buildActionMask = 2147483647;
			files = (
			);
			runOnlyForDeploymentPostprocessing = 0;
		};
/* End PBXFrameworksBuildPhase section */

/* Begin PBXGroup section */
		3C974D991D8F327C005C9939 = {
			isa = PBXGroup;
			children = (
				3C974DA41D8F327C005C9939 /* DesignPatternsSwift */,
				3C974DB91D8F327C005C9939 /* DesignPatternsSwiftTests */,
				3C974DC41D8F327C005C9939 /* DesignPatternsSwiftUITests */,
				3C974DA31D8F327C005C9939 /* Products */,
			);
			sourceTree = "<group>";
		};
		3C974DA31D8F327C005C9939 /* Products */ = {
			isa = PBXGroup;
			children = (
				3C974DA21D8F327C005C9939 /* DesignPatternsSwift.app */,
				3C974DB61D8F327C005C9939 /* DesignPatternsSwiftTests.xctest */,
				3C974DC11D8F327C005C9939 /* DesignPatternsSwiftUITests.xctest */,
			);
			name = Products;
			sourceTree = "<group>";
		};
		3C974DA41D8F327C005C9939 /* DesignPatternsSwift */ = {
			isa = PBXGroup;
			children = (
				3C974DA51D8F327C005C9939 /* AppDelegate.swift */,
				3C974DA71D8F327C005C9939 /* ViewController.swift */,
				3C974DA91D8F327C005C9939 /* Main.storyboard */,
				3C974DAC1D8F327C005C9939 /* Assets.xcassets */,
				3C974DAE1D8F327C005C9939 /* LaunchScreen.storyboard */,
				3C974DB11D8F327C005C9939 /* Info.plist */,
			);
			path = DesignPatternsSwift;
			sourceTree = "<group>";
		};
		3C974DB91D8F327C005C9939 /* DesignPatternsSwiftTests */ = {
			isa = PBXGroup;
			children = (
				3C974DBA1D8F327C005C9939 /* DesignPatternsSwiftTests.swift */,
				3C974DBC1D8F327C005C9939 /* Info.plist */,
			);
			path = DesignPatternsSwiftTests;
			sourceTree = "<group>";
		};
		3C974DC41D8F327C005C9939 /* DesignPatternsSwiftUITests */ = {
			isa = PBXGroup;
			children = (
				3C974DC51D8F327C005C9939 /* DesignPatternsSwiftUITests.swift */,
				3C974DC71D8F327C005C9939 /* Info.plist */,
			);
			path = DesignPatternsSwiftUITests;
			sourceTree = "<group>";
		};
/* End PBXGroup section */

/* Begin PBXNativeTarget section */
		3C974DA11D8F327C005C9939 /* DesignPatternsSwift */ = {
			isa = PBXNativeTarget;
			buildConfigurationList = 3C974DCA1D8F327C005C9939 /* Build configuration list for PBXNativeTarget "DesignPatternsSwift" */;
			buildPhases = (
				3C974D9E1D8F327C005C9939 /* Sources */,
				3C974D9F1D8F327C005C9939 /* Frameworks */,
				3C974DA01D8F327C005C9939 /* Resources */,
			);
			buildRules = (
			);
			dependencies = (
			);
			name = DesignPatternsSwift;
			productName = DesignPatternsSwift;
			productReference = 3C974DA21D8F327C005C9939 /* DesignPatternsSwift.app */;
			productType = "com.apple.product-type.application";
		};
		3C974DB51D8F327C005C9939 /* DesignPatternsSwiftTests */ = {
			isa = PBXNativeTarget;
			buildConfigurationList = 3C974DCD1D8F327C005C9939 /* Build configuration list for PBXNativeTarget "DesignPatternsSwiftTests" */;
			buildPhases = (
				3C974DB21D8F327C005C9939 /* Sources */,
				3C974DB31D8F327C005C9939 /* Frameworks */,
				3C974DB41D8F327C005C9939 /* Resources */,
			);
			buildRules = (
			);
			dependencies = (
				3C974DB81D8F327C005C9939 /* PBXTargetDependency */,
			);
			name = DesignPatternsSwiftTests;
			productName = DesignPatternsSwiftTests;
			productReference = 3C974DB61D8F327C005C9939 /* DesignPatternsSwiftTests.xctest */;
			productType = "com.apple.product-type.bundle.unit-test";
		};
		3C974DC01D8F327C005C9939 /* DesignPatternsSwiftUITests */ = {
			isa = PBXNativeTarget;
			buildConfigurationList = 3C974DD01D8F327C005C9939 /* Build configuration list for PBXNativeTarget "DesignPatternsSwiftUITests" */;
			buildPhases = (
				3C974DBD1D8F327C005C9939 /* Sources */,
				3C974DBE1D8F327C005C9939 /* Frameworks */,
				3C974DBF1D8F327C005C9939 /* Resources */,
			);
			buildRules = (
			);
			dependencies = (
				3C974DC31D8F327C005C9939 /* PBXTargetDependency */,
			);
			name = DesignPatternsSwiftUITests;
			productName = DesignPatternsSwiftUITests;
			productReference = 3C974DC11D8F327C005C9939 /* DesignPatternsSwiftUITests.xctest */;
			productType = "com.apple.product-type.bundle.ui-testing";
		};
/* End PBXNativeTarget section */

/* Begin PBXProject section */
		3C974D9A1D8F327C005C9939 /* Project object */ = {
			isa = PBXProject;
			attributes = {
				LastSwiftUpdateCheck = 0800;
				LastUpgradeCheck = 0800;
				ORGANIZATIONNAME = umit;
				TargetAttributes = {
					3C974DA11D8F327C005C9939 = {
						CreatedOnToolsVersion = 8.0;
						ProvisioningStyle = Automatic;
					};
					3C974DB51D8F327C005C9939 = {
						CreatedOnToolsVersion = 8.0;
						ProvisioningStyle = Automatic;
						TestTargetID = 3C974DA11D8F327C005C9939;
					};
					3C974DC01D8F327C005C9939 = {
						CreatedOnToolsVersion = 8.0;
						ProvisioningStyle = Automatic;
						TestTargetID = 3C974DA11D8F327C005C9939;
					};
				};
			};
			buildConfigurationList = 3C974D9D1D8F327C005C9939 /* Build configuration list for PBXProject "DesignPatternsSwift" */;
			compatibilityVersion = "Xcode 3.2";
			developmentRegion = English;
			hasScannedForEncodings = 0;
			knownRegions = (
				en,
				Base,
			);
			mainGroup = 3C974D991D8F327C005C9939;
			productRefGroup = 3C974DA31D8F327C005C9939 /* Products */;
			projectDirPath = "";
			projectRoot = "";
			targets = (
				3C974DA11D8F327C005C9939 /* DesignPatternsSwift */,
				3C974DB51D8F327C005C9939 /* DesignPatternsSwiftTests */,
				3C974DC01D8F327C005C9939 /* DesignPatternsSwiftUITests */,
			);
		};
/* End PBXProject section */

/* Begin PBXResourcesBuildPhase section */
		3C974DA01D8F327C005C9939 /* Resources */ = {
			isa = PBXResourcesBuildPhase;
			buildActionMask = 2147483647;
			files = (
				3C974DB01D8F327C005C9939 /* LaunchScreen.storyboard in Resources */,
				3C974DAD1D8F327C005C9939 /* Assets.xcassets in Resources */,
				3C974DAB1D8F327C005C9939 /* Main.storyboard in Resources */,
			);
			runOnlyForDeploymentPostprocessing = 0;
		};
		3C974DB41D8F327C005C9939 /* Resources */ = {
			isa = PBXResourcesBuildPhase;
			buildActionMask = 2147483647;
			files = (
			);
			runOnlyForDeploymentPostprocessing = 0;
		};
		3C974DBF1D8F327C005C9939 /* Resources */ = {
			isa = PBXResourcesBuildPhase;
			buildActionMask = 2147483647;
			files = (
			);
			runOnlyForDeploymentPostprocessing = 0;
		};
/* End PBXResourcesBuildPhase section */

/* Begin PBXSourcesBuildPhase section */
		3C974D9E1D8F327C005C9939 /* Sources */ = {
			isa = PBXSourcesBuildPhase;
			buildActionMask = 2147483647;
			files = (
				3C974DA81D8F327C005C9939 /* ViewController.swift in Sources */,
				3C974DA61D8F327C005C9939 /* AppDelegate.swift in Sources */,
			);
			runOnlyForDeploymentPostprocessing = 0;
		};
		3C974DB21D8F327C005C9939 /* Sources */ = {
			isa = PBXSourcesBuildPhase;
			buildActionMask = 2147483647;
			files = (
				3C974DBB1D8F327C005C9939 /* DesignPatternsSwiftTests.swift in Sources */,
			);
			runOnlyForDeploymentPostprocessing = 0;
		};
		3C974DBD1D8F327C005C9939 /* Sources */ = {
			isa = PBXSourcesBuildPhase;
			buildActionMask = 2147483647;
			files = (
				3C974DC61D8F327C005C9939 /* DesignPatternsSwiftUITests.swift in Sources */,
			);
			runOnlyForDeploymentPostprocessing = 0;
		};
/* End PBXSourcesBuildPhase section */

/* Begin PBXTargetDependency section */
		3C974DB81D8F327C005C9939 /* PBXTargetDependency */ = {
			isa = PBXTargetDependency;
			target = 3C974DA11D8F327C005C9939 /* DesignPatternsSwift */;
			targetProxy = 3C974DB71D8F327C005C9939 /* PBXContainerItemProxy */;
		};
		3C974DC31D8F327C005C9939 /* PBXTargetDependency */ = {
			isa = PBXTargetDependency;
			target = 3C974DA11D8F327C005C9939 /* DesignPatternsSwift */;
			targetProxy = 3C974DC21D8F327C005C9939 /* PBXContainerItemProxy */;
		};
/* End PBXTargetDependency section */

/* Begin PBXVariantGroup section */
		3C974DA91D8F327C005C9939 /* Main.storyboard */ = {
			isa = PBXVariantGroup;
			children = (
				3C974DAA1D8F327C005C9939 /* Base */,
			);
			name = Main.storyboard;
			sourceTree = "<group>";
		};
		3C974DAE1D8F327C005C9939 /* LaunchScreen.storyboard */ = {
			isa = PBXVariantGroup;
			children = (
				3C974DAF1D8F327C005C9939 /* Base */,
			);
			name = LaunchScreen.storyboard;
			sourceTree = "<group>";
		};
/* End PBXVariantGroup section */

/* Begin XCBuildConfiguration section */
		3C974DC81D8F327C005C9939 /* Debug */ = {
			isa = XCBuildConfiguration;
			buildSettings = {
				ALWAYS_SEARCH_USER_PATHS = NO;
				CLANG_ANALYZER_NONNULL = YES;
				CLANG_CXX_LANGUAGE_STANDARD = "gnu++0x";
				CLANG_CXX_LIBRARY = "libc++";
				CLANG_ENABLE_MODULES = YES;
				CLANG_ENABLE_OBJC_ARC = YES;
				CLANG_WARN_BOOL_CONVERSION = YES;
				CLANG_WARN_CONSTANT_CONVERSION = YES;
				CLANG_WARN_DIRECT_OBJC_ISA_USAGE = YES_ERROR;
				CLANG_WARN_DOCUMENTATION_COMMENTS = YES;
				CLANG_WARN_EMPTY_BODY = YES;
				CLANG_WARN_ENUM_CONVERSION = YES;
				CLANG_WARN_INFINITE_RECURSION = YES;
				CLANG_WARN_INT_CONVERSION = YES;
				CLANG_WARN_OBJC_ROOT_CLASS = YES_ERROR;
				CLANG_WARN_SUSPICIOUS_MOVES = YES;
				CLANG_WARN_UNREACHABLE_CODE = YES;
				CLANG_WARN__DUPLICATE_METHOD_MATCH = YES;
				"CODE_SIGN_IDENTITY[sdk=iphoneos*]" = "iPhone Developer";
				COPY_PHASE_STRIP = NO;
				DEBUG_INFORMATION_FORMAT = dwarf;
				ENABLE_STRICT_OBJC_MSGSEND = YES;
				ENABLE_TESTABILITY = YES;
				GCC_C_LANGUAGE_STANDARD = gnu99;
				GCC_DYNAMIC_NO_PIC = NO;
				GCC_NO_COMMON_BLOCKS = YES;
				GCC_OPTIMIZATION_LEVEL = 0;
				GCC_PREPROCESSOR_DEFINITIONS = (
					"DEBUG=1",
					"$(inherited)",
				);
				GCC_WARN_64_TO_32_BIT_CONVERSION = YES;
				GCC_WARN_ABOUT_RETURN_TYPE = YES_ERROR;
				GCC_WARN_UNDECLARED_SELECTOR = YES;
				GCC_WARN_UNINITIALIZED_AUTOS = YES_AGGRESSIVE;
				GCC_WARN_UNUSED_FUNCTION = YES;
				GCC_WARN_UNUSED_VARIABLE = YES;
				IPHONEOS_DEPLOYMENT_TARGET = 10.0;
				MTL_ENABLE_DEBUG_INFO = YES;
				ONLY_ACTIVE_ARCH = YES;
				SDKROOT = iphoneos;
				SWIFT_ACTIVE_COMPILATION_CONDITIONS = DEBUG;
				SWIFT_OPTIMIZATION_LEVEL = "-Onone";
				TARGETED_DEVICE_FAMILY = "1,2";
			};
			name = Debug;
		};
		3C974DC91D8F327C005C9939 /* Release */ = {
			isa = XCBuildConfiguration;
			buildSettings = {
				ALWAYS_SEARCH_USER_PATHS = NO;
				CLANG_ANALYZER_NONNULL = YES;
				CLANG_CXX_LANGUAGE_STANDARD = "gnu++0x";
				CLANG_CXX_LIBRARY = "libc++";
				CLANG_ENABLE_MODULES = YES;
				CLANG_ENABLE_OBJC_ARC = YES;
				CLANG_WARN_BOOL_CONVERSION = YES;
				CLANG_WARN_CONSTANT_CONVERSION = YES;
				CLANG_WARN_DIRECT_OBJC_ISA_USAGE = YES_ERROR;
				CLANG_WARN_DOCUMENTATION_COMMENTS = YES;
				CLANG_WARN_EMPTY_BODY = YES;
				CLANG_WARN_ENUM_CONVERSION = YES;
				CLANG_WARN_INFINITE_RECURSION = YES;
				CLANG_WARN_INT_CONVERSION = YES;
				CLANG_WARN_OBJC_ROOT_CLASS = YES_ERROR;
				CLANG_WARN_SUSPICIOUS_MOVES = YES;
				CLANG_WARN_UNREACHABLE_CODE = YES;
				CLANG_WARN__DUPLICATE_METHOD_MATCH = YES;
				"CODE_SIGN_IDENTITY[sdk=iphoneos*]" = "iPhone Developer";
				COPY_PHASE_STRIP = NO;
				DEBUG_INFORMATION_FORMAT = "dwarf-with-dsym";
				ENABLE_NS_ASSERTIONS = NO;
				ENABLE_STRICT_OBJC_MSGSEND = YES;
				GCC_C_LANGUAGE_STANDARD = gnu99;
				GCC_NO_COMMON_BLOCKS = YES;
				GCC_WARN_64_TO_32_BIT_CONVERSION = YES;
				GCC_WARN_ABOUT_RETURN_TYPE = YES_ERROR;
				GCC_WARN_UNDECLARED_SELECTOR = YES;
				GCC_WARN_UNINITIALIZED_AUTOS = YES_AGGRESSIVE;
				GCC_WARN_UNUSED_FUNCTION = YES;
				GCC_WARN_UNUSED_VARIABLE = YES;
				IPHONEOS_DEPLOYMENT_TARGET = 10.0;
				MTL_ENABLE_DEBUG_INFO = NO;
				SDKROOT = iphoneos;
				SWIFT_OPTIMIZATION_LEVEL = "-Owholemodule";
				TARGETED_DEVICE_FAMILY = "1,2";
				VALIDATE_PRODUCT = YES;
			};
			name = Release;
		};
		3C974DCB1D8F327C005C9939 /* Debug */ = {
			isa = XCBuildConfiguration;
			buildSettings = {
				ASSETCATALOG_COMPILER_APPICON_NAME = AppIcon;
				INFOPLIST_FILE = DesignPatternsSwift/Info.plist;
				LD_RUNPATH_SEARCH_PATHS = "$(inherited) @executable_path/Frameworks";
				PRODUCT_BUNDLE_IDENTIFIER = home.DesignPatternsSwift;
				PRODUCT_NAME = "$(TARGET_NAME)";
				SWIFT_VERSION = 3.0;
			};
			name = Debug;
		};
		3C974DCC1D8F327C005C9939 /* Release */ = {
			isa = XCBuildConfiguration;
			buildSettings = {
				ASSETCATALOG_COMPILER_APPICON_NAME = AppIcon;
				INFOPLIST_FILE = DesignPatternsSwift/Info.plist;
				LD_RUNPATH_SEARCH_PATHS = "$(inherited) @executable_path/Frameworks";
				PRODUCT_BUNDLE_IDENTIFIER = home.DesignPatternsSwift;
				PRODUCT_NAME = "$(TARGET_NAME)";
				SWIFT_VERSION = 3.0;
			};
			name = Release;
		};
		3C974DCE1D8F327C005C9939 /* Debug */ = {
			isa = XCBuildConfiguration;
			buildSettings = {
				ALWAYS_EMBED_SWIFT_STANDARD_LIBRARIES = YES;
				BUNDLE_LOADER = "$(TEST_HOST)";
				INFOPLIST_FILE = DesignPatternsSwiftTests/Info.plist;
				LD_RUNPATH_SEARCH_PATHS = "$(inherited) @executable_path/Frameworks @loader_path/Frameworks";
				PRODUCT_BUNDLE_IDENTIFIER = home.DesignPatternsSwiftTests;
				PRODUCT_NAME = "$(TARGET_NAME)";
				SWIFT_VERSION = 3.0;
				TEST_HOST = "$(BUILT_PRODUCTS_DIR)/DesignPatternsSwift.app/DesignPatternsSwift";
			};
			name = Debug;
		};
		3C974DCF1D8F327C005C9939 /* Release */ = {
			isa = XCBuildConfiguration;
			buildSettings = {
				ALWAYS_EMBED_SWIFT_STANDARD_LIBRARIES = YES;
				BUNDLE_LOADER = "$(TEST_HOST)";
				INFOPLIST_FILE = DesignPatternsSwiftTests/Info.plist;
				LD_RUNPATH_SEARCH_PATHS = "$(inherited) @executable_path/Frameworks @loader_path/Frameworks";
				PRODUCT_BUNDLE_IDENTIFIER = home.DesignPatternsSwiftTests;
				PRODUCT_NAME = "$(TARGET_NAME)";
				SWIFT_VERSION = 3.0;
				TEST_HOST = "$(BUILT_PRODUCTS_DIR)/DesignPatternsSwift.app/DesignPatternsSwift";
			};
			name = Release;
		};
		3C974DD11D8F327C005C9939 /* Debug */ = {
			isa = XCBuildConfiguration;
			buildSettings = {
				ALWAYS_EMBED_SWIFT_STANDARD_LIBRARIES = YES;
				INFOPLIST_FILE = DesignPatternsSwiftUITests/Info.plist;
				LD_RUNPATH_SEARCH_PATHS = "$(inherited) @executable_path/Frameworks @loader_path/Frameworks";
				PRODUCT_BUNDLE_IDENTIFIER = home.DesignPatternsSwiftUITests;
				PRODUCT_NAME = "$(TARGET_NAME)";
				SWIFT_VERSION = 3.0;
				TEST_TARGET_NAME = DesignPatternsSwift;
			};
			name = Debug;
		};
		3C974DD21D8F327C005C9939 /* Release */ = {
			isa = XCBuildConfiguration;
			buildSettings = {
				ALWAYS_EMBED_SWIFT_STANDARD_LIBRARIES = YES;
				INFOPLIST_FILE = DesignPatternsSwiftUITests/Info.plist;
				LD_RUNPATH_SEARCH_PATHS = "$(inherited) @executable_path/Frameworks @loader_path/Frameworks";
				PRODUCT_BUNDLE_IDENTIFIER = home.DesignPatternsSwiftUITests;
				PRODUCT_NAME = "$(TARGET_NAME)";
				SWIFT_VERSION = 3.0;
				TEST_TARGET_NAME = DesignPatternsSwift;
			};
			name = Release;
		};
/* End XCBuildConfiguration section */

/* Begin XCConfigurationList section */
		3C974D9D1D8F327C005C9939 /* Build configuration list for PBXProject "DesignPatternsSwift" */ = {
			isa = XCConfigurationList;
			buildConfigurations = (
				3C974DC81D8F327C005C9939 /* Debug */,
				3C974DC91D8F327C005C9939 /* Release */,
			);
			defaultConfigurationIsVisible = 0;
			defaultConfigurationName = Release;
		};
		3C974DCA1D8F327C005C9939 /* Build configuration list for PBXNativeTarget "DesignPatternsSwift" */ = {
			isa = XCConfigurationList;
			buildConfigurations = (
				3C974DCB1D8F327C005C9939 /* Debug */,
				3C974DCC1D8F327C005C9939 /* Release */,
			);
			defaultConfigurationIsVisible = 0;
		};
		3C974DCD1D8F327C005C9939 /* Build configuration list for PBXNativeTarget "DesignPatternsSwiftTests" */ = {
			isa = XCConfigurationList;
			buildConfigurations = (
				3C974DCE1D8F327C005C9939 /* Debug */,
				3C974DCF1D8F327C005C9939 /* Release */,
			);
			defaultConfigurationIsVisible = 0;
		};
		3C974DD01D8F327C005C9939 /* Build configuration list for PBXNativeTarget "DesignPatternsSwiftUITests" */ = {
			isa = XCConfigurationList;
			buildConfigurations = (
				3C974DD11D8F327C005C9939 /* Debug */,
				3C974DD21D8F327C005C9939 /* Release */,
			);
			defaultConfigurationIsVisible = 0;
		};
/* End XCConfigurationList section */
	};
	rootObject = 3C974D9A1D8F327C005C9939 /* Project object */;
}
